
Microsoft Visual Studio Solution File, Format Version 12.00
# Visual Studio Version 16
VisualStudioVersion = 16.0.30406.217
MinimumVisualStudioVersion = 10.0.40219.1
Project("{FAE04EC0-301F-11D3-BF4B-00C04F79EFBC}") = "LabelHeight47.Android", "LabelHeight47\LabelHeight47.Android\LabelHeight47.Android.csproj", "{7DDDC8D1-CEFF-4DAC-BF38-9F6FBAE08CE0}"
EndProject
Project("{FAE04EC0-301F-11D3-BF4B-00C04F79EFBC}") = "LabelHeight47.iOS", "LabelHeight47\LabelHeight47.iOS\LabelHeight47.iOS.csproj", "{3CCFFB60-3F8D-487C-A884-1AC8AE2CD4E6}"
EndProject
Project("{FAE04EC0-301F-11D3-BF4B-00C04F79EFBC}") = "LabelHeight47", "LabelHeight47\LabelHeight47\LabelHeight47.csproj", "{42E12501-0FAF-47B7-A7D1-BDF0A096E056}"
EndProject
Global
	GlobalSection(SolutionConfigurationPlatforms) = preSolution
		Debug|Any CPU = Debug|Any CPU
		Debug|iPhone = Debug|iPhone
		Debug|iPhoneSimulator = Debug|iPhoneSimulator
		Release|Any CPU = Release|Any CPU
		Release|iPhone = Release|iPhone
		Release|iPhoneSimulator = Release|iPhoneSimulator
	EndGlobalSection
	GlobalSection(ProjectConfigurationPlatforms) = postSolution
		{7DDDC8D1-CEFF-4DAC-BF38-9F6FBAE08CE0}.Debug|Any CPU.ActiveCfg = Debug|Any CPU
		{7DDDC8D1-CEFF-4DAC-BF38-9F6FBAE08CE0}.Debug|Any CPU.Build.0 = Debug|Any CPU
		{7DDDC8D1-CEFF-4DAC-BF38-9F6FBAE08CE0}.Debug|Any CPU.Deploy.0 = Debug|Any CPU
		{7DDDC8D1-CEFF-4DAC-BF38-9F6FBAE08CE0}.Debug|iPhone.ActiveCfg = Debug|Any CPU
		{7DDDC8D1-CEFF-4DAC-BF38-9F6FBAE08CE0}.Debug|iPhone.Build.0 = Debug|Any CPU
		{7DDDC8D1-CEFF-4DAC-BF38-9F6FBAE08CE0}.Debug|iPhone.Deploy.0 = Debug|Any CPU
		{7DDDC8D1-CEFF-4DAC-BF38-9F6FBAE08CE0}.Debug|iPhoneSimulator.ActiveCfg = Debug|Any CPU
		{7DDDC8D1-CEFF-4DAC-BF38-9F6FBAE08CE0}.Debug|iPhoneSimulator.Build.0 = Debug|Any CPU
		{7DDDC8D1-CEFF-4DAC-BF38-9F6FBAE08CE0}.Debug|iPhoneSimulator.Deploy.0 = Debug|Any CPU
		{7DDDC8D1-CEFF-4DAC-BF38-9F6FBAE08CE0}.Release|Any CPU.ActiveCfg = Release|Any CPU
		{7DDDC8D1-CEFF-4DAC-BF38-9F6FBAE08CE0}.Release|Any CPU.Build.0 = Release|Any CPU
		{7DDDC8D1-CEFF-4DAC-BF38-9F6FBAE08CE0}.Release|Any CPU.Deploy.0 = Release|Any CPU
		{7DDDC8D1-CEFF-4DAC-BF38-9F6FBAE08CE0}.Release|iPhone.ActiveCfg = Release|Any CPU
		{7DDDC8D1-CEFF-4DAC-BF38-9F6FBAE08CE0}.Release|iPhone.Build.0 = Release|Any CPU
		{7DDDC8D1-CEFF-4DAC-BF38-9F6FBAE08CE0}.Release|iPhone.Deploy.0 = Release|Any CPU
		{7DDDC8D1-CEFF-4DAC-BF38-9F6FBAE08CE0}.Release|iPhoneSimulator.ActiveCfg = Release|Any CPU
		{7DDDC8D1-CEFF-4DAC-BF38-9F6FBAE08CE0}.Release|iPhoneSimulator.Build.0 = Release|Any CPU
		{7DDDC8D1-CEFF-4DAC-BF38-9F6FBAE08CE0}.Release|iPhoneSimulator.Deploy.0 = Release|Any CPU
		{3CCFFB60-3F8D-487C-A884-1AC8AE2CD4E6}.Debug|Any CPU.ActiveCfg = Debug|iPhone
		{3CCFFB60-3F8D-487C-A884-1AC8AE2CD4E6}.Debug|Any CPU.Build.0 = Debug|iPhone
		{3CCFFB60-3F8D-487C-A884-1AC8AE2CD4E6}.Debug|Any CPU.Deploy.0 = Debug|iPhone
		{3CCFFB60-3F8D-487C-A884-1AC8AE2CD4E6}.Debug|iPhone.ActiveCfg = Debug|iPhone
		{3CCFFB60-3F8D-487C-A884-1AC8AE2CD4E6}.Debug|iPhone.Build.0 = Debug|iPhone
		{3CCFFB60-3F8D-487C-A884-1AC8AE2CD4E6}.Debug|iPhone.Deploy.0 = Debug|iPhone
		{3CCFFB60-3F8D-487C-A884-1AC8AE2CD4E6}.Debug|iPhoneSimulator.ActiveCfg = Debug|iPhoneSimulator
		{3CCFFB60-3F8D-487C-A884-1AC8AE2CD4E6}.Debug|iPhoneSimulator.Build.0 = Debug|iPhoneSimulator
		{3CCFFB60-3F8D-487C-A884-1AC8AE2CD4E6}.Debug|iPhoneSimulator.Deploy.0 = Debug|iPhoneSimulator
		{3CCFFB60-3F8D-487C-A884-1AC8AE2CD4E6}.Release|Any CPU.ActiveCfg = Release|iPhone
		{3CCFFB60-3F8D-487C-A884-1AC8AE2CD4E6}.Release|Any CPU.Build.0 = Release|iPhone
		{3CCFFB60-3F8D-487C-A884-1AC8AE2CD4E6}.Release|Any CPU.Deploy.0 = Release|iPhone
		{3CCFFB60-3F8D-487C-A884-1AC8AE2CD4E6}.Release|iPhone.ActiveCfg = Release|iPhone
		{3CCFFB60-3F8D-487C-A884-1AC8AE2CD4E6}.Release|iPhone.Build.0 = Release|iPhone
		{3CCFFB60-3F8D-487C-A884-1AC8AE2CD4E6}.Release|iPhone.Deploy.0 = Release|iPhone
		{3CCFFB60-3F8D-487C-A884-1AC8AE2CD4E6}.Release|iPhoneSimulator.ActiveCfg = Release|iPhoneSimulator
		{3CCFFB60-3F8D-487C-A884-1AC8AE2CD4E6}.Release|iPhoneSimulator.Build.0 = Release|iPhoneSimulator
		{3CCFFB60-3F8D-487C-A884-1AC8AE2CD4E6}.Release|iPhoneSimulator.Deploy.0 = Release|iPhoneSimulator
		{42E12501-0FAF-47B7-A7D1-BDF0A096E056}.Debug|Any CPU.ActiveCfg = Debug|Any CPU
		{42E12501-0FAF-47B7-A7D1-BDF0A096E056}.Debug|Any CPU.Build.0 = Debug|Any CPU
		{42E12501-0FAF-47B7-A7D1-BDF0A096E056}.Debug|Any CPU.Deploy.0 = Debug|Any CPU
		{42E12501-0FAF-47B7-A7D1-BDF0A096E056}.Debug|iPhone.ActiveCfg = Debug|Any CPU
		{42E12501-0FAF-47B7-A7D1-BDF0A096E056}.Debug|iPhone.Build.0 = Debug|Any CPU
		{42E12501-0FAF-47B7-A7D1-BDF0A096E056}.Debug|iPhone.Deploy.0 = Debug|Any CPU
		{42E12501-0FAF-47B7-A7D1-BDF0A096E056}.Debug|iPhoneSimulator.ActiveCfg = Debug|Any CPU
		{42E12501-0FAF-47B7-A7D1-BDF0A096E056}.Debug|iPhoneSimulator.Build.0 = Debug|Any CPU
		{42E12501-0FAF-47B7-A7D1-BDF0A096E056}.Debug|iPhoneSimulator.Deploy.0 = Debug|Any CPU
		{42E12501-0FAF-47B7-A7D1-BDF0A096E056}.Release|Any CPU.ActiveCfg = Release|Any CPU
		{42E12501-0FAF-47B7-A7D1-BDF0A096E056}.Release|Any CPU.Build.0 = Release|Any CPU
		{42E12501-0FAF-47B7-A7D1-BDF0A096E056}.Release|Any CPU.Deploy.0 = Release|Any CPU
		{42E12501-0FAF-47B7-A7D1-BDF0A096E056}.Release|iPhone.ActiveCfg = Release|Any CPU
		{42E12501-0FAF-47B7-A7D1-BDF0A096E056}.Release|iPhone.Build.0 = Release|Any CPU
		{42E12501-0FAF-47B7-A7D1-BDF0A096E056}.Release|iPhone.Deploy.0 = Release|Any CPU
		{42E12501-0FAF-47B7-A7D1-BDF0A096E056}.Release|iPhoneSimulator.ActiveCfg = Release|Any CPU
		{42E12501-0FAF-47B7-A7D1-BDF0A096E056}.Release|iPhoneSimulator.Build.0 = Release|Any CPU
		{42E12501-0FAF-47B7-A7D1-BDF0A096E056}.Release|iPhoneSimulator.Deploy.0 = Release|Any CPU
	EndGlobalSection
	GlobalSection(SolutionProperties) = preSolution
		HideSolutionNode = FALSE
	EndGlobalSection
	GlobalSection(ExtensibilityGlobals) = postSolution
		SolutionGuid = {EAA14405-25E2-4688-AB35-EECC6CC8417F}
	EndGlobalSection
EndGlobal
